{
  "name": "trace",
  "version": "1.0.0",
  "lockfileVersion": 3,
  "requires": true,
  "packages": {
    "": {
      "name": "trace",
      "version": "1.0.0",
      "dependencies": {
        "imagetracerjs": "^1.2.6"
      }
    },
    "node_modules/imagetracerjs": {
      "version": "1.2.6",
      "resolved": "https://registry.npmjs.org/imagetracerjs/-/imagetracerjs-1.2.6.tgz",
      "integrity": "sha512-LKJlnKmXFzDdh6IZtXTyBxXcCLTAkwgKYS+NMiPXiXVnlTLjQC8fq7U89laUSgHtypJB3TdMMDK4ecG5NI/Cgw==",
      "license": "Unlicense"
    }
  }
}
